{
    "_meta": {
        "hash": {
            "sha256": "350fea5227498fa1495b1436e7190ff5a0cdb263567ebb231b5f88fc11131116"
        },
        "pipfile-spec": 6,
        "requires": {},
        "sources": [
            {
                "name": "pypi",
                "url": "https://pypi.python.org/simple",
                "verify_ssl": true
            }
        ]
    },
    "default": {
        "base58": {
            "hashes": [
                "sha256:93fa54b615a7c406701a56e3d11c3a5defdbcd371f36c0452f1ac77623e42d16",
                "sha256:c5fe8b00fab798b4a3393da6235bdecb143db505833e3f979890f7c6fc99f651"
            ],
            "index": "pypi",
            "version": "==1.0.0"
        },
        "logbook": {
            "hashes": [
                "sha256:3c0a3ebd48e89fcdd725fe393eb9226c789dca5a4e7842d65e2f256645fd1cd9",
                "sha256:97a827a49db0f543cf67a87dbbb7f3164383c801c28641630e200d00c396baa8",
                "sha256:e273188067df6c82b09a0b51d1034628fcd2dab300a074c89e64c4dbbbec0328",
                "sha256:f25f247eed81b7befca3a4646a266c7f6f328a7152d75223f9d3d0ee6476c015",
                "sha256:f4d0b079756f99181d7d87b701b09af1f5d8b17110fe39465cc7afd94db1e95c"
            ],
            "index": "pypi",
            "version": "==1.4.0"
        }
    },
    "develop": {}
}
